
Microsoft Visual Studio Solution File, Format Version 12.00
# Visual Studio Version 17
VisualStudioVersion = 17.11.35303.130
MinimumVisualStudioVersion = 10.0.40219.1
Project("{2150E333-8FDC-42A3-9474-1A3956D46DE8}") = "src", "src", "{D8B9A7DD-054B-4FAB-850F-5B56119C9B7B}"
EndProject
Project("{2150E333-8FDC-42A3-9474-1A3956D46DE8}") = "test", "test", "{D951A810-D2F5-41F2-8241-52A713F10570}"
EndProject
Project("{2150E333-8FDC-42A3-9474-1A3956D46DE8}") = "Core", "Core", "{71D3D83D-0436-4B23-803A-BF021AB91433}"
EndProject
Project("{2150E333-8FDC-42A3-9474-1A3956D46DE8}") = "Infrastructure", "Infrastructure", "{E46495EF-7696-45C9-A17A-041A41F39556}"
EndProject
Project("{2150E333-8FDC-42A3-9474-1A3956D46DE8}") = "API", "API", "{4393C891-9C98-4897-91B2-70D0130B777F}"
EndProject
Project("{2150E333-8FDC-42A3-9474-1A3956D46DE8}") = "UI", "UI", "{72025D57-9133-4E5F-82A8-E81D4DBD54B0}"
EndProject
Project("{9A19103F-16F7-4668-BE54-9A1E7A4F7556}") = "HR.LeaveManagement.Domain", "HR.LeaveManagement.Domain\HR.LeaveManagement.Domain.csproj", "{CFF8524E-0C34-4B83-8452-044E88461B5B}"
EndProject
Project("{9A19103F-16F7-4668-BE54-9A1E7A4F7556}") = "HR.LeaveManagement.Application", "HR.LeaveManagement.Application\HR.LeaveManagement.Application.csproj", "{CC5AFA5D-124C-48DD-BE03-6E8C6638143F}"
EndProject
Project("{9A19103F-16F7-4668-BE54-9A1E7A4F7556}") = "HR.LeaveManagement.Persistance", "HR.LeaveManagement.Persistance\HR.LeaveManagement.Persistance.csproj", "{FABD0B3D-B17F-48C8-BB9F-295BA9A5161C}"
EndProject
Project("{9A19103F-16F7-4668-BE54-9A1E7A4F7556}") = "HR.LeaveManagement.Infrastructure", "HR.LeaveManagement.Infrastrcucture\HR.LeaveManagement.Infrastructure.csproj", "{92EC0D41-95A2-4CE3-A8B1-4B987B3AE349}"
EndProject
Project("{9A19103F-16F7-4668-BE54-9A1E7A4F7556}") = "HR.LeaveManagement.API", "HR.LeaveManagement.API\HR.LeaveManagement.API.csproj", "{55A0A83A-5A5F-4655-B12F-31385F35C344}"
EndProject
Project("{FAE04EC0-301F-11D3-BF4B-00C04F79EFBC}") = "HR.LeaveManagement.MVC", "HR.LeaveManagement.MVC\HR.LeaveManagement.MVC.csproj", "{CD6F5C32-9D82-4509-8714-AC87E08157F6}"
EndProject
Global
	GlobalSection(SolutionConfigurationPlatforms) = preSolution
		Debug|Any CPU = Debug|Any CPU
		Release|Any CPU = Release|Any CPU
	EndGlobalSection
	GlobalSection(ProjectConfigurationPlatforms) = postSolution
		{CFF8524E-0C34-4B83-8452-044E88461B5B}.Debug|Any CPU.ActiveCfg = Debug|Any CPU
		{CFF8524E-0C34-4B83-8452-044E88461B5B}.Debug|Any CPU.Build.0 = Debug|Any CPU
		{CFF8524E-0C34-4B83-8452-044E88461B5B}.Release|Any CPU.ActiveCfg = Release|Any CPU
		{CFF8524E-0C34-4B83-8452-044E88461B5B}.Release|Any CPU.Build.0 = Release|Any CPU
		{CC5AFA5D-124C-48DD-BE03-6E8C6638143F}.Debug|Any CPU.ActiveCfg = Debug|Any CPU
		{CC5AFA5D-124C-48DD-BE03-6E8C6638143F}.Debug|Any CPU.Build.0 = Debug|Any CPU
		{CC5AFA5D-124C-48DD-BE03-6E8C6638143F}.Release|Any CPU.ActiveCfg = Release|Any CPU
		{CC5AFA5D-124C-48DD-BE03-6E8C6638143F}.Release|Any CPU.Build.0 = Release|Any CPU
		{FABD0B3D-B17F-48C8-BB9F-295BA9A5161C}.Debug|Any CPU.ActiveCfg = Debug|Any CPU
		{FABD0B3D-B17F-48C8-BB9F-295BA9A5161C}.Debug|Any CPU.Build.0 = Debug|Any CPU
		{FABD0B3D-B17F-48C8-BB9F-295BA9A5161C}.Release|Any CPU.ActiveCfg = Release|Any CPU
		{FABD0B3D-B17F-48C8-BB9F-295BA9A5161C}.Release|Any CPU.Build.0 = Release|Any CPU
		{92EC0D41-95A2-4CE3-A8B1-4B987B3AE349}.Debug|Any CPU.ActiveCfg = Debug|Any CPU
		{92EC0D41-95A2-4CE3-A8B1-4B987B3AE349}.Debug|Any CPU.Build.0 = Debug|Any CPU
		{92EC0D41-95A2-4CE3-A8B1-4B987B3AE349}.Release|Any CPU.ActiveCfg = Release|Any CPU
		{92EC0D41-95A2-4CE3-A8B1-4B987B3AE349}.Release|Any CPU.Build.0 = Release|Any CPU
		{55A0A83A-5A5F-4655-B12F-31385F35C344}.Debug|Any CPU.ActiveCfg = Debug|Any CPU
		{55A0A83A-5A5F-4655-B12F-31385F35C344}.Debug|Any CPU.Build.0 = Debug|Any CPU
		{55A0A83A-5A5F-4655-B12F-31385F35C344}.Release|Any CPU.ActiveCfg = Release|Any CPU
		{55A0A83A-5A5F-4655-B12F-31385F35C344}.Release|Any CPU.Build.0 = Release|Any CPU
		{CD6F5C32-9D82-4509-8714-AC87E08157F6}.Debug|Any CPU.ActiveCfg = Debug|Any CPU
		{CD6F5C32-9D82-4509-8714-AC87E08157F6}.Debug|Any CPU.Build.0 = Debug|Any CPU
		{CD6F5C32-9D82-4509-8714-AC87E08157F6}.Release|Any CPU.ActiveCfg = Release|Any CPU
		{CD6F5C32-9D82-4509-8714-AC87E08157F6}.Release|Any CPU.Build.0 = Release|Any CPU
	EndGlobalSection
	GlobalSection(SolutionProperties) = preSolution
		HideSolutionNode = FALSE
	EndGlobalSection
	GlobalSection(NestedProjects) = preSolution
		{71D3D83D-0436-4B23-803A-BF021AB91433} = {D8B9A7DD-054B-4FAB-850F-5B56119C9B7B}
		{E46495EF-7696-45C9-A17A-041A41F39556} = {D8B9A7DD-054B-4FAB-850F-5B56119C9B7B}
		{4393C891-9C98-4897-91B2-70D0130B777F} = {D8B9A7DD-054B-4FAB-850F-5B56119C9B7B}
		{72025D57-9133-4E5F-82A8-E81D4DBD54B0} = {D8B9A7DD-054B-4FAB-850F-5B56119C9B7B}
		{CFF8524E-0C34-4B83-8452-044E88461B5B} = {71D3D83D-0436-4B23-803A-BF021AB91433}
		{CC5AFA5D-124C-48DD-BE03-6E8C6638143F} = {71D3D83D-0436-4B23-803A-BF021AB91433}
		{FABD0B3D-B17F-48C8-BB9F-295BA9A5161C} = {E46495EF-7696-45C9-A17A-041A41F39556}
		{92EC0D41-95A2-4CE3-A8B1-4B987B3AE349} = {E46495EF-7696-45C9-A17A-041A41F39556}
		{55A0A83A-5A5F-4655-B12F-31385F35C344} = {4393C891-9C98-4897-91B2-70D0130B777F}
		{CD6F5C32-9D82-4509-8714-AC87E08157F6} = {72025D57-9133-4E5F-82A8-E81D4DBD54B0}
	EndGlobalSection
	GlobalSection(ExtensibilityGlobals) = postSolution
		SolutionGuid = {72C3205A-5594-43F7-A953-32313A89CA75}
	EndGlobalSection
EndGlobal
